<Solution>
  <Project Path="Projects/2048/2048.csproj" />
  <Project Path="Projects/Battleship/Battleship.csproj" />
  <Project Path="Projects/Beep Pad/Beep Pad.csproj" />
  <Project Path="Projects/Blackjack/Blackjack.csproj" />
  <Project Path="Projects/Bound/Bound.csproj" />
  <Project Path="Projects/Checkers/Checkers.csproj" />
  <Project Path="Projects/Clicker/Clicker.csproj" />
  <Project Path="Projects/Connect 4/Connect 4.csproj" />
  <Project Path="Projects/Console Monsters/Console Monsters.csproj" />
  <Project Path="Projects/Darts/Darts.csproj" />
  <Project Path="Projects/Dice Game/Dice Game.csproj" />
  <Project Path="Projects/Draw/Draw.csproj" />
  <Project Path="Projects/Drive/Drive.csproj" />
  <Project Path="Projects/Duck Hunt/Duck Hunt.csproj" />
  <Project Path="Projects/Fighter/Fighter.csproj" />
  <Project Path="Projects/First Person Shooter/First Person Shooter.csproj" />
  <Project Path="Projects/Flappy Bird/Flappy Bird.csproj" />
  <Project Path="Projects/Flash Cards/Flash Cards.csproj" />
  <Project Path="Projects/Gravity/Gravity.csproj" />
  <Project Path="Projects/Guess A Number/Guess A Number.csproj" />
  <Project Path="Projects/Hangman/Hangman.csproj" />
  <Project Path="Projects/Helicopter/Helicopter.csproj" />
  <Project Path="Projects/Hurdles/Hurdles.csproj" />
  <Project Path="Projects/Lights Out/Lights Out.csproj" />
  <Project Path="Projects/Mancala/Mancala.csproj" />
  <Project Path="Projects/Maze/Maze.csproj" />
  <Project Path="Projects/Memory/Memory.csproj" />
  <Project Path="Projects/Minesweeper/Minesweeper.csproj" />
  <Project Path="Projects/Oligopoly/Oligopoly.csproj" />
  <Project Path="Projects/PacMan/PacMan.csproj" />
  <Project Path="Projects/Pong/Pong.csproj" />
  <Project Path="Projects/Quick Draw/Quick Draw.csproj" />
  <Project Path="Projects/Reversi/Reversi.csproj" />
  <Project Path="Projects/Rock Paper Scissors/Rock Paper Scissors.csproj" />
  <Project Path="Projects/Role Playing Game/Role Playing Game.csproj" />
  <Project Path="Projects/Roll And Move/Roll And Move.csproj" />
  <Project Path="Projects/Rythm/Rythm.csproj" />
  <Project Path="Projects/Shmup/Shmup.csproj" />
  <Project Path="Projects/Simon/Simon.csproj" />
  <Project Path="Projects/Sliding Puzzle/Sliding Puzzle.csproj" />
  <Project Path="Projects/Snake/Snake.csproj" />
  <Project Path="Projects/Sudoku/Sudoku.csproj" />
  <Project Path="Projects/Tanks/Tanks.csproj" />
  <Project Path="Projects/Tents/Tents.csproj" />
  <Project Path="Projects/Tetris/Tetris.csproj" />
  <Project Path="Projects/Tic Tac Toe/Tic Tac Toe.csproj" />
  <Project Path="Projects/Tower Of Hanoi/Tower Of Hanoi.csproj" />
  <Project Path="Projects/Tug Of War/Tug Of War.csproj" />
  <Project Path="Projects/Type/Type.csproj" />
  <Project Path="Projects/Website/Website.csproj" />
  <Project Path="Projects/Whack A Mole/Whack A Mole.csproj" />
  <Project Path="Projects/Word Search/Word Search.csproj" />
  <Project Path="Projects/Wordle/Wordle.csproj" />
  <Project Path="Projects/Wumpus World/Wumpus World.csproj" />
  <Project Path="Projects/Yahtzee/Yahtzee.csproj" />
</Solution>
